
Microsoft Visual Studio Solution File, Format Version 12.00
# Visual Studio Version 17
VisualStudioVersion = 17.11.35327.3
MinimumVisualStudioVersion = 10.0.40219.1
Project("{FAE04EC0-301F-11D3-BF4B-00C04F79EFBC}") = "Perfume", "Perfume\Perfume.csproj", "{B3F14BDB-3C36-4952-8E29-968B63AAC3BD}"
EndProject
Global
	GlobalSection(SolutionConfigurationPlatforms) = preSolution
		Debug|Any CPU = Debug|Any CPU
		Release|Any CPU = Release|Any CPU
	EndGlobalSection
	GlobalSection(ProjectConfigurationPlatforms) = postSolution
		{B3F14BDB-3C36-4952-8E29-968B63AAC3BD}.Debug|Any CPU.ActiveCfg = Debug|Any CPU
		{B3F14BDB-3C36-4952-8E29-968B63AAC3BD}.Debug|Any CPU.Build.0 = Debug|Any CPU
		{B3F14BDB-3C36-4952-8E29-968B63AAC3BD}.Release|Any CPU.ActiveCfg = Release|Any CPU
		{B3F14BDB-3C36-4952-8E29-968B63AAC3BD}.Release|Any CPU.Build.0 = Release|Any CPU
	EndGlobalSection
	GlobalSection(SolutionProperties) = preSolution
		HideSolutionNode = FALSE
	EndGlobalSection
	GlobalSection(ExtensibilityGlobals) = postSolution
		SolutionGuid = {6DE3E833-9259-464E-84F1-6090296EB0D0}
	EndGlobalSection
EndGlobal
